# Generated by buf. DO NOT EDIT.
version: v2
deps:
  - name: buf.build/gnostic/gnostic
    commit: 087bc8072ce44e339f213209e4d57bf0
    digest: b5:c4eebcd04bc2fdd5dd0b8d695eb419682a650b600cdb56ff2ed61208a24603e0eb1b8ae0d467925c69a24bde6d322f3c4112bd2b8efdd682d8c3128384cdac9a
  - name: buf.build/googleapis/googleapis
    commit: acd896313c55464b993332136ded1b6e
    digest: b5:025d83e25193feb8dac5e5576113c8737006218b3b09fbc0d0ff652614da5424b336edb15bea139eb90d14eba656774a979d1fbdae81cbab2013932b84b98f53
  - name: buf.build/kratos/apis
    commit: c2de25f14fa445a79a054214f31d17a8
    digest: b5:3e4dac0d26ce9db17309aeb845f0efb38ec7db1af06ee3c6b8dce2f4f7f53f126d62233c4910410384ead7f0a0edb6448cb389e62d1e3da5e927c3a980828f0b
  - name: buf.build/tx7do/pagination
    commit: 28dc26fc862a4257a676b565beacddd7
    digest: b5:c40e21f12d6ebc00bc83accce23d1b95bec2ac93b561e772d70c426a190c786828e1b0a1b929a288ffb0c8bce787b6af37a88af86f85833c4d22a0ce0434f578
